
Microsoft Visual Studio Solution File, Format Version 12.00
# Visual Studio 14
VisualStudioVersion = 14.0.25420.1
MinimumVisualStudioVersion = 10.0.40219.1
Project("{FAE04EC0-301F-11D3-BF4B-00C04F79EFBC}") = "BookStore.Api", "BookStore.Api\BookStore.Api.csproj", "{A4A1D954-AF4A-40E4-B742-B4BD3AAD0AFF}"
EndProject
Project("{FAE04EC0-301F-11D3-BF4B-00C04F79EFBC}") = "BookStore.Api.Tests", "BookStore.Api.Tests\BookStore.Api.Tests.csproj", "{1A2F9F41-5209-447F-A5D2-EBCE9CD4129D}"
EndProject
Project("{FAE04EC0-301F-11D3-BF4B-00C04F79EFBC}") = "BookStore.Web", "BookStore.Web\BookStore.Web.csproj", "{32F1E6B9-180A-42D9-86AF-0363E1DC1564}"
EndProject
Project("{FAE04EC0-301F-11D3-BF4B-00C04F79EFBC}") = "BookStore.Web.Tests", "BookStore.Web.Tests\BookStore.Web.Tests.csproj", "{07809E6C-C010-42B9-AEC2-6A03AE1DB0B8}"
EndProject
Project("{FAE04EC0-301F-11D3-BF4B-00C04F79EFBC}") = "BookStore.Data", "BookStore.Data\BookStore.Data.csproj", "{25A66681-10FF-4C42-8C89-48EC8B46B4FF}"
EndProject
Project("{FAE04EC0-301F-11D3-BF4B-00C04F79EFBC}") = "BookStore.Data.Tests", "BookStore.Data.Tests\BookStore.Data.Tests.csproj", "{29B5886B-0A72-4CC0-AAE6-BB65BC0AD6C6}"
EndProject
Global
	GlobalSection(SolutionConfigurationPlatforms) = preSolution
		Debug|Any CPU = Debug|Any CPU
		Release|Any CPU = Release|Any CPU
	EndGlobalSection
	GlobalSection(ProjectConfigurationPlatforms) = postSolution
		{A4A1D954-AF4A-40E4-B742-B4BD3AAD0AFF}.Debug|Any CPU.ActiveCfg = Debug|Any CPU
		{A4A1D954-AF4A-40E4-B742-B4BD3AAD0AFF}.Debug|Any CPU.Build.0 = Debug|Any CPU
		{A4A1D954-AF4A-40E4-B742-B4BD3AAD0AFF}.Release|Any CPU.ActiveCfg = Release|Any CPU
		{A4A1D954-AF4A-40E4-B742-B4BD3AAD0AFF}.Release|Any CPU.Build.0 = Release|Any CPU
		{1A2F9F41-5209-447F-A5D2-EBCE9CD4129D}.Debug|Any CPU.ActiveCfg = Debug|Any CPU
		{1A2F9F41-5209-447F-A5D2-EBCE9CD4129D}.Debug|Any CPU.Build.0 = Debug|Any CPU
		{1A2F9F41-5209-447F-A5D2-EBCE9CD4129D}.Release|Any CPU.ActiveCfg = Release|Any CPU
		{1A2F9F41-5209-447F-A5D2-EBCE9CD4129D}.Release|Any CPU.Build.0 = Release|Any CPU
		{32F1E6B9-180A-42D9-86AF-0363E1DC1564}.Debug|Any CPU.ActiveCfg = Debug|Any CPU
		{32F1E6B9-180A-42D9-86AF-0363E1DC1564}.Debug|Any CPU.Build.0 = Debug|Any CPU
		{32F1E6B9-180A-42D9-86AF-0363E1DC1564}.Release|Any CPU.ActiveCfg = Release|Any CPU
		{32F1E6B9-180A-42D9-86AF-0363E1DC1564}.Release|Any CPU.Build.0 = Release|Any CPU
		{07809E6C-C010-42B9-AEC2-6A03AE1DB0B8}.Debug|Any CPU.ActiveCfg = Debug|Any CPU
		{07809E6C-C010-42B9-AEC2-6A03AE1DB0B8}.Debug|Any CPU.Build.0 = Debug|Any CPU
		{07809E6C-C010-42B9-AEC2-6A03AE1DB0B8}.Release|Any CPU.ActiveCfg = Release|Any CPU
		{07809E6C-C010-42B9-AEC2-6A03AE1DB0B8}.Release|Any CPU.Build.0 = Release|Any CPU
		{25A66681-10FF-4C42-8C89-48EC8B46B4FF}.Debug|Any CPU.ActiveCfg = Debug|Any CPU
		{25A66681-10FF-4C42-8C89-48EC8B46B4FF}.Debug|Any CPU.Build.0 = Debug|Any CPU
		{25A66681-10FF-4C42-8C89-48EC8B46B4FF}.Release|Any CPU.ActiveCfg = Release|Any CPU
		{25A66681-10FF-4C42-8C89-48EC8B46B4FF}.Release|Any CPU.Build.0 = Release|Any CPU
		{29B5886B-0A72-4CC0-AAE6-BB65BC0AD6C6}.Debug|Any CPU.ActiveCfg = Debug|Any CPU
		{29B5886B-0A72-4CC0-AAE6-BB65BC0AD6C6}.Debug|Any CPU.Build.0 = Debug|Any CPU
		{29B5886B-0A72-4CC0-AAE6-BB65BC0AD6C6}.Release|Any CPU.ActiveCfg = Release|Any CPU
		{29B5886B-0A72-4CC0-AAE6-BB65BC0AD6C6}.Release|Any CPU.Build.0 = Release|Any CPU
	EndGlobalSection
	GlobalSection(SolutionProperties) = preSolution
		HideSolutionNode = FALSE
	EndGlobalSection
EndGlobal
